
Microsoft Visual Studio Solution File, Format Version 12.00
# Visual Studio Version 17
VisualStudioVersion = 17.0.32112.339
MinimumVisualStudioVersion = 10.0.40219.1
Project("{FAE04EC0-301F-11D3-BF4B-00C04F79EFBC}") = "Simulador.Web", "Simulador.Web\Simulador.Web.csproj", "{421D1514-2077-441A-A174-C07120FDEECA}"
EndProject
Project("{FAE04EC0-301F-11D3-BF4B-00C04F79EFBC}") = "Simulador.BL", "Simulador.BL\Simulador.BL.csproj", "{0B3137B2-62A3-4C89-8DAC-B029C318954D}"
EndProject
Global
	GlobalSection(SolutionConfigurationPlatforms) = preSolution
		Debug|Any CPU = Debug|Any CPU
		Release|Any CPU = Release|Any CPU
	EndGlobalSection
	GlobalSection(ProjectConfigurationPlatforms) = postSolution
		{421D1514-2077-441A-A174-C07120FDEECA}.Debug|Any CPU.ActiveCfg = Debug|Any CPU
		{421D1514-2077-441A-A174-C07120FDEECA}.Debug|Any CPU.Build.0 = Debug|Any CPU
		{421D1514-2077-441A-A174-C07120FDEECA}.Release|Any CPU.ActiveCfg = Release|Any CPU
		{421D1514-2077-441A-A174-C07120FDEECA}.Release|Any CPU.Build.0 = Release|Any CPU
		{0B3137B2-62A3-4C89-8DAC-B029C318954D}.Debug|Any CPU.ActiveCfg = Debug|Any CPU
		{0B3137B2-62A3-4C89-8DAC-B029C318954D}.Debug|Any CPU.Build.0 = Debug|Any CPU
		{0B3137B2-62A3-4C89-8DAC-B029C318954D}.Release|Any CPU.ActiveCfg = Release|Any CPU
		{0B3137B2-62A3-4C89-8DAC-B029C318954D}.Release|Any CPU.Build.0 = Release|Any CPU
	EndGlobalSection
	GlobalSection(SolutionProperties) = preSolution
		HideSolutionNode = FALSE
	EndGlobalSection
	GlobalSection(ExtensibilityGlobals) = postSolution
		SolutionGuid = {00F9F455-0AF5-4E63-938B-35FECCCFE4C1}
	EndGlobalSection
EndGlobal
